
Microsoft Visual Studio Solution File, Format Version 11.00
# Visual Studio 2010
Project("{FAE04EC0-301F-11D3-BF4B-00C04F79EFBC}") = "Paperless.DataAccess", "Paperless.DataAccess\Paperless.DataAccess.csproj", "{78B25053-301F-4AF3-B371-1C9F276A3B4D}"
EndProject
Project("{FAE04EC0-301F-11D3-BF4B-00C04F79EFBC}") = "Paperless.Library", "Paperless.Library\Paperless.Library.csproj", "{FDFAEE72-0C7B-4CCD-A7C9-9851D99087EB}"
EndProject
Project("{FAE04EC0-301F-11D3-BF4B-00C04F79EFBC}") = "Paperless.UI", "Paperless.UI\Paperless.UI.csproj", "{388867FD-791F-4239-9566-19251F37FD7B}"
	ProjectSection(ProjectDependencies) = postProject
		{C429DD71-A6A9-4A98-AA78-DD43440C500F} = {C429DD71-A6A9-4A98-AA78-DD43440C500F}
	EndProjectSection
EndProject
Project("{FAE04EC0-301F-11D3-BF4B-00C04F79EFBC}") = "Paperless.UI.Tests", "Paperless.UI.Tests\Paperless.UI.Tests.csproj", "{7EC7738D-B707-4495-AD46-8F7627DB7A53}"
EndProject
Project("{FAE04EC0-301F-11D3-BF4B-00C04F79EFBC}") = "Paperless.WCF", "Paperless.WCF\Paperless.WCF.csproj", "{C429DD71-A6A9-4A98-AA78-DD43440C500F}"
EndProject
Project("{2150E333-8FDC-42A3-9474-1A3956D46DE8}") = "Backend", "Backend", "{DE621C35-0D0D-40EB-A401-26FB0B50ABAD}"
EndProject
Project("{2150E333-8FDC-42A3-9474-1A3956D46DE8}") = "Tests", "Tests", "{8E9CB471-26CF-4F37-9BA5-2B926396342F}"
EndProject
Project("{2150E333-8FDC-42A3-9474-1A3956D46DE8}") = "WebServices", "WebServices", "{32BA5F91-7FC9-430D-9F9F-CDD62DD67F06}"
EndProject
Project("{FAE04EC0-301F-11D3-BF4B-00C04F79EFBC}") = "Paperless.Orchestrator", "Paperless.Orchestrator\Paperless.Orchestrator.csproj", "{9D519E49-7D81-43D4-AE79-01A2C8C1B9E6}"
EndProject
Project("{FAE04EC0-301F-11D3-BF4B-00C04F79EFBC}") = "Paperless.Implementor", "Paperless.Implementor\Paperless.Implementor.csproj", "{9B482F4B-DF92-49F4-90FF-0BDAC7CF0970}"
EndProject
Project("{FAE04EC0-301F-11D3-BF4B-00C04F79EFBC}") = "Paperless.WCF.Contract", "Paperless.WCF.Contract\Paperless.WCF.Contract.csproj", "{60438519-9DE8-4B80-9896-0995E7FECDA6}"
EndProject
Project("{FAE04EC0-301F-11D3-BF4B-00C04F79EFBC}") = "Paperless.Exceptions", "Exceptions\Paperless.Exceptions.csproj", "{7357E663-9450-4A15-B01F-825C5F4F2D49}"
EndProject
Project("{2150E333-8FDC-42A3-9474-1A3956D46DE8}") = "Common", "Common", "{31DC68B2-80F5-46AF-888B-5AEF7191B026}"
EndProject
Project("{2150E333-8FDC-42A3-9474-1A3956D46DE8}") = "Logger", "Logger", "{3F8AFFAA-5F9B-449D-A3A8-48814CEEEB7E}"
EndProject
Project("{FAE04EC0-301F-11D3-BF4B-00C04F79EFBC}") = "LogManagerDataAccess", "Paperless.Logger\DataAccess\LogManagerDataAccess.csproj", "{E0558E57-055C-4D01-99E8-D4CA535D830A}"
EndProject
Project("{FAE04EC0-301F-11D3-BF4B-00C04F79EFBC}") = "LogManagerImplementor", "Paperless.Logger\Implementor\LogManagerImplementor.csproj", "{84AF57F7-14E2-4624-B77C-DCAF24F45235}"
EndProject
Project("{FAE04EC0-301F-11D3-BF4B-00C04F79EFBC}") = "LogManagerLibrary", "Paperless.Logger\Library\LogManagerLibrary.csproj", "{1E816EB1-A63C-4A23-8D6E-427AD3B160A2}"
EndProject
Project("{FAE04EC0-301F-11D3-BF4B-00C04F79EFBC}") = "Paperless.Implementor.Tests", "Paperless.Implementor.Tests\Paperless.Implementor.Tests.csproj", "{7F61DCD2-1420-4313-A403-5E2243307206}"
EndProject
Project("{2150E333-8FDC-42A3-9474-1A3956D46DE8}") = "Solution Items", "Solution Items", "{40C4A54D-3ABC-4FE9-900C-A7430A9B7365}"
	ProjectSection(SolutionItems) = preProject
		Local.testsettings = Local.testsettings
		PaperlessBackend.vsmdi = PaperlessBackend.vsmdi
		TraceAndTestImpact.testsettings = TraceAndTestImpact.testsettings
	EndProjectSection
EndProject
Project("{2150E333-8FDC-42A3-9474-1A3956D46DE8}") = "Plugin", "Plugin", "{B62C4A3A-2C8B-4F04-A055-2D6D3E72FE1C}"
EndProject
Project("{FAE04EC0-301F-11D3-BF4B-00C04F79EFBC}") = "Paperless.Plugin.Outlook", "Paperless.Plugin.Outlook\Paperless.Plugin.Outlook.csproj", "{6F53CCB1-C306-45A4-9FA0-022705B75F99}"
EndProject
Global
	GlobalSection(TestCaseManagementSettings) = postSolution
		CategoryFile = PaperlessBackend.vsmdi
	EndGlobalSection
	GlobalSection(SolutionConfigurationPlatforms) = preSolution
		Debug|Any CPU = Debug|Any CPU
		Debug|x86 = Debug|x86
		Release|Any CPU = Release|Any CPU
		Release|x86 = Release|x86
	EndGlobalSection
	GlobalSection(ProjectConfigurationPlatforms) = postSolution
		{78B25053-301F-4AF3-B371-1C9F276A3B4D}.Debug|Any CPU.ActiveCfg = Debug|Any CPU
		{78B25053-301F-4AF3-B371-1C9F276A3B4D}.Debug|Any CPU.Build.0 = Debug|Any CPU
		{78B25053-301F-4AF3-B371-1C9F276A3B4D}.Debug|x86.ActiveCfg = Debug|Any CPU
		{78B25053-301F-4AF3-B371-1C9F276A3B4D}.Release|Any CPU.ActiveCfg = Release|Any CPU
		{78B25053-301F-4AF3-B371-1C9F276A3B4D}.Release|Any CPU.Build.0 = Release|Any CPU
		{78B25053-301F-4AF3-B371-1C9F276A3B4D}.Release|x86.ActiveCfg = Release|Any CPU
		{FDFAEE72-0C7B-4CCD-A7C9-9851D99087EB}.Debug|Any CPU.ActiveCfg = Debug|Any CPU
		{FDFAEE72-0C7B-4CCD-A7C9-9851D99087EB}.Debug|Any CPU.Build.0 = Debug|Any CPU
		{FDFAEE72-0C7B-4CCD-A7C9-9851D99087EB}.Debug|x86.ActiveCfg = Debug|Any CPU
		{FDFAEE72-0C7B-4CCD-A7C9-9851D99087EB}.Release|Any CPU.ActiveCfg = Release|Any CPU
		{FDFAEE72-0C7B-4CCD-A7C9-9851D99087EB}.Release|Any CPU.Build.0 = Release|Any CPU
		{FDFAEE72-0C7B-4CCD-A7C9-9851D99087EB}.Release|x86.ActiveCfg = Release|Any CPU
		{388867FD-791F-4239-9566-19251F37FD7B}.Debug|Any CPU.ActiveCfg = Debug|Any CPU
		{388867FD-791F-4239-9566-19251F37FD7B}.Debug|Any CPU.Build.0 = Debug|Any CPU
		{388867FD-791F-4239-9566-19251F37FD7B}.Debug|x86.ActiveCfg = Debug|Any CPU
		{388867FD-791F-4239-9566-19251F37FD7B}.Release|Any CPU.ActiveCfg = Release|Any CPU
		{388867FD-791F-4239-9566-19251F37FD7B}.Release|Any CPU.Build.0 = Release|Any CPU
		{388867FD-791F-4239-9566-19251F37FD7B}.Release|x86.ActiveCfg = Release|Any CPU
		{7EC7738D-B707-4495-AD46-8F7627DB7A53}.Debug|Any CPU.ActiveCfg = Debug|Any CPU
		{7EC7738D-B707-4495-AD46-8F7627DB7A53}.Debug|Any CPU.Build.0 = Debug|Any CPU
		{7EC7738D-B707-4495-AD46-8F7627DB7A53}.Debug|x86.ActiveCfg = Debug|Any CPU
		{7EC7738D-B707-4495-AD46-8F7627DB7A53}.Release|Any CPU.ActiveCfg = Release|Any CPU
		{7EC7738D-B707-4495-AD46-8F7627DB7A53}.Release|Any CPU.Build.0 = Release|Any CPU
		{7EC7738D-B707-4495-AD46-8F7627DB7A53}.Release|x86.ActiveCfg = Release|Any CPU
		{C429DD71-A6A9-4A98-AA78-DD43440C500F}.Debug|Any CPU.ActiveCfg = Debug|Any CPU
		{C429DD71-A6A9-4A98-AA78-DD43440C500F}.Debug|Any CPU.Build.0 = Debug|Any CPU
		{C429DD71-A6A9-4A98-AA78-DD43440C500F}.Debug|x86.ActiveCfg = Debug|Any CPU
		{C429DD71-A6A9-4A98-AA78-DD43440C500F}.Release|Any CPU.ActiveCfg = Release|Any CPU
		{C429DD71-A6A9-4A98-AA78-DD43440C500F}.Release|Any CPU.Build.0 = Release|Any CPU
		{C429DD71-A6A9-4A98-AA78-DD43440C500F}.Release|x86.ActiveCfg = Release|Any CPU
		{9D519E49-7D81-43D4-AE79-01A2C8C1B9E6}.Debug|Any CPU.ActiveCfg = Debug|Any CPU
		{9D519E49-7D81-43D4-AE79-01A2C8C1B9E6}.Debug|Any CPU.Build.0 = Debug|Any CPU
		{9D519E49-7D81-43D4-AE79-01A2C8C1B9E6}.Debug|x86.ActiveCfg = Debug|Any CPU
		{9D519E49-7D81-43D4-AE79-01A2C8C1B9E6}.Release|Any CPU.ActiveCfg = Release|Any CPU
		{9D519E49-7D81-43D4-AE79-01A2C8C1B9E6}.Release|Any CPU.Build.0 = Release|Any CPU
		{9D519E49-7D81-43D4-AE79-01A2C8C1B9E6}.Release|x86.ActiveCfg = Release|Any CPU
		{9B482F4B-DF92-49F4-90FF-0BDAC7CF0970}.Debug|Any CPU.ActiveCfg = Debug|Any CPU
		{9B482F4B-DF92-49F4-90FF-0BDAC7CF0970}.Debug|Any CPU.Build.0 = Debug|Any CPU
		{9B482F4B-DF92-49F4-90FF-0BDAC7CF0970}.Debug|x86.ActiveCfg = Debug|Any CPU
		{9B482F4B-DF92-49F4-90FF-0BDAC7CF0970}.Release|Any CPU.ActiveCfg = Release|Any CPU
		{9B482F4B-DF92-49F4-90FF-0BDAC7CF0970}.Release|Any CPU.Build.0 = Release|Any CPU
		{9B482F4B-DF92-49F4-90FF-0BDAC7CF0970}.Release|x86.ActiveCfg = Release|Any CPU
		{60438519-9DE8-4B80-9896-0995E7FECDA6}.Debug|Any CPU.ActiveCfg = Debug|Any CPU
		{60438519-9DE8-4B80-9896-0995E7FECDA6}.Debug|Any CPU.Build.0 = Debug|Any CPU
		{60438519-9DE8-4B80-9896-0995E7FECDA6}.Debug|x86.ActiveCfg = Debug|Any CPU
		{60438519-9DE8-4B80-9896-0995E7FECDA6}.Release|Any CPU.ActiveCfg = Release|Any CPU
		{60438519-9DE8-4B80-9896-0995E7FECDA6}.Release|Any CPU.Build.0 = Release|Any CPU
		{60438519-9DE8-4B80-9896-0995E7FECDA6}.Release|x86.ActiveCfg = Release|Any CPU
		{7357E663-9450-4A15-B01F-825C5F4F2D49}.Debug|Any CPU.ActiveCfg = Debug|Any CPU
		{7357E663-9450-4A15-B01F-825C5F4F2D49}.Debug|x86.ActiveCfg = Debug|x86
		{7357E663-9450-4A15-B01F-825C5F4F2D49}.Debug|x86.Build.0 = Debug|x86
		{7357E663-9450-4A15-B01F-825C5F4F2D49}.Release|Any CPU.ActiveCfg = Release|Any CPU
		{7357E663-9450-4A15-B01F-825C5F4F2D49}.Release|Any CPU.Build.0 = Release|Any CPU
		{7357E663-9450-4A15-B01F-825C5F4F2D49}.Release|x86.ActiveCfg = Release|x86
		{7357E663-9450-4A15-B01F-825C5F4F2D49}.Release|x86.Build.0 = Release|x86
		{E0558E57-055C-4D01-99E8-D4CA535D830A}.Debug|Any CPU.ActiveCfg = Debug|Any CPU
		{E0558E57-055C-4D01-99E8-D4CA535D830A}.Debug|x86.ActiveCfg = Debug|x86
		{E0558E57-055C-4D01-99E8-D4CA535D830A}.Debug|x86.Build.0 = Debug|x86
		{E0558E57-055C-4D01-99E8-D4CA535D830A}.Release|Any CPU.ActiveCfg = Release|Any CPU
		{E0558E57-055C-4D01-99E8-D4CA535D830A}.Release|Any CPU.Build.0 = Release|Any CPU
		{E0558E57-055C-4D01-99E8-D4CA535D830A}.Release|x86.ActiveCfg = Release|x86
		{E0558E57-055C-4D01-99E8-D4CA535D830A}.Release|x86.Build.0 = Release|x86
		{84AF57F7-14E2-4624-B77C-DCAF24F45235}.Debug|Any CPU.ActiveCfg = Debug|Any CPU
		{84AF57F7-14E2-4624-B77C-DCAF24F45235}.Debug|x86.ActiveCfg = Debug|x86
		{84AF57F7-14E2-4624-B77C-DCAF24F45235}.Debug|x86.Build.0 = Debug|x86
		{84AF57F7-14E2-4624-B77C-DCAF24F45235}.Release|Any CPU.ActiveCfg = Release|Any CPU
		{84AF57F7-14E2-4624-B77C-DCAF24F45235}.Release|Any CPU.Build.0 = Release|Any CPU
		{84AF57F7-14E2-4624-B77C-DCAF24F45235}.Release|x86.ActiveCfg = Release|x86
		{84AF57F7-14E2-4624-B77C-DCAF24F45235}.Release|x86.Build.0 = Release|x86
		{1E816EB1-A63C-4A23-8D6E-427AD3B160A2}.Debug|Any CPU.ActiveCfg = Debug|Any CPU
		{1E816EB1-A63C-4A23-8D6E-427AD3B160A2}.Debug|x86.ActiveCfg = Debug|x86
		{1E816EB1-A63C-4A23-8D6E-427AD3B160A2}.Debug|x86.Build.0 = Debug|x86
		{1E816EB1-A63C-4A23-8D6E-427AD3B160A2}.Release|Any CPU.ActiveCfg = Release|Any CPU
		{1E816EB1-A63C-4A23-8D6E-427AD3B160A2}.Release|Any CPU.Build.0 = Release|Any CPU
		{1E816EB1-A63C-4A23-8D6E-427AD3B160A2}.Release|x86.ActiveCfg = Release|x86
		{1E816EB1-A63C-4A23-8D6E-427AD3B160A2}.Release|x86.Build.0 = Release|x86
		{7F61DCD2-1420-4313-A403-5E2243307206}.Debug|Any CPU.ActiveCfg = Debug|Any CPU
		{7F61DCD2-1420-4313-A403-5E2243307206}.Debug|Any CPU.Build.0 = Debug|Any CPU
		{7F61DCD2-1420-4313-A403-5E2243307206}.Debug|x86.ActiveCfg = Debug|Any CPU
		{7F61DCD2-1420-4313-A403-5E2243307206}.Release|Any CPU.ActiveCfg = Release|Any CPU
		{7F61DCD2-1420-4313-A403-5E2243307206}.Release|Any CPU.Build.0 = Release|Any CPU
		{7F61DCD2-1420-4313-A403-5E2243307206}.Release|x86.ActiveCfg = Release|Any CPU
		{6F53CCB1-C306-45A4-9FA0-022705B75F99}.Debug|Any CPU.ActiveCfg = Debug|Any CPU
		{6F53CCB1-C306-45A4-9FA0-022705B75F99}.Debug|Any CPU.Build.0 = Debug|Any CPU
		{6F53CCB1-C306-45A4-9FA0-022705B75F99}.Debug|x86.ActiveCfg = Debug|Any CPU
		{6F53CCB1-C306-45A4-9FA0-022705B75F99}.Release|Any CPU.ActiveCfg = Release|Any CPU
		{6F53CCB1-C306-45A4-9FA0-022705B75F99}.Release|Any CPU.Build.0 = Release|Any CPU
		{6F53CCB1-C306-45A4-9FA0-022705B75F99}.Release|x86.ActiveCfg = Release|Any CPU
	EndGlobalSection
	GlobalSection(SolutionProperties) = preSolution
		HideSolutionNode = FALSE
	EndGlobalSection
	GlobalSection(NestedProjects) = preSolution
		{FDFAEE72-0C7B-4CCD-A7C9-9851D99087EB} = {DE621C35-0D0D-40EB-A401-26FB0B50ABAD}
		{78B25053-301F-4AF3-B371-1C9F276A3B4D} = {DE621C35-0D0D-40EB-A401-26FB0B50ABAD}
		{9D519E49-7D81-43D4-AE79-01A2C8C1B9E6} = {DE621C35-0D0D-40EB-A401-26FB0B50ABAD}
		{9B482F4B-DF92-49F4-90FF-0BDAC7CF0970} = {DE621C35-0D0D-40EB-A401-26FB0B50ABAD}
		{7EC7738D-B707-4495-AD46-8F7627DB7A53} = {8E9CB471-26CF-4F37-9BA5-2B926396342F}
		{7F61DCD2-1420-4313-A403-5E2243307206} = {8E9CB471-26CF-4F37-9BA5-2B926396342F}
		{40C4A54D-3ABC-4FE9-900C-A7430A9B7365} = {8E9CB471-26CF-4F37-9BA5-2B926396342F}
		{C429DD71-A6A9-4A98-AA78-DD43440C500F} = {32BA5F91-7FC9-430D-9F9F-CDD62DD67F06}
		{60438519-9DE8-4B80-9896-0995E7FECDA6} = {32BA5F91-7FC9-430D-9F9F-CDD62DD67F06}
		{7357E663-9450-4A15-B01F-825C5F4F2D49} = {31DC68B2-80F5-46AF-888B-5AEF7191B026}
		{3F8AFFAA-5F9B-449D-A3A8-48814CEEEB7E} = {31DC68B2-80F5-46AF-888B-5AEF7191B026}
		{E0558E57-055C-4D01-99E8-D4CA535D830A} = {3F8AFFAA-5F9B-449D-A3A8-48814CEEEB7E}
		{84AF57F7-14E2-4624-B77C-DCAF24F45235} = {3F8AFFAA-5F9B-449D-A3A8-48814CEEEB7E}
		{1E816EB1-A63C-4A23-8D6E-427AD3B160A2} = {3F8AFFAA-5F9B-449D-A3A8-48814CEEEB7E}
		{6F53CCB1-C306-45A4-9FA0-022705B75F99} = {B62C4A3A-2C8B-4F04-A055-2D6D3E72FE1C}
	EndGlobalSection
	GlobalSection(ExtensibilityGlobals) = postSolution
		EnterpriseLibraryConfigurationToolBinariesPath = packages\Unity.2.1.505.2\lib\NET35;packages\Unity.Interception.2.1.505.2\lib\NET35;packages\EnterpriseLibrary.Common.5.0.505.0\lib\NET35;packages\EnterpriseLibrary.Data.5.0.505.0\lib\NET35;packages\EnterpriseLibrary.ExceptionHandling.5.0.505.0\lib\NET35;packages\EnterpriseLibrary.Logging.5.0.505.1\lib\NET35;packages\EnterpriseLibrary.ExceptionHandling.Logging.5.0.505.0\lib\NET35
	EndGlobalSection
EndGlobal
